
Microsoft Visual Studio Solution File, Format Version 12.00
# Visual Studio Version 16
VisualStudioVersion = 16.0.31112.23
MinimumVisualStudioVersion = 10.0.40219.1
Project("{FAE04EC0-301F-11D3-BF4B-00C04F79EFBC}") = "PurposeProject", "PurposeProject.csproj", "{AFDFBFB9-B0FC-4B74-9AAA-AE2564D0DCDC}"
EndProject
Global
	GlobalSection(SolutionConfigurationPlatforms) = preSolution
		Debug|Any CPU = Debug|Any CPU
		Release|Any CPU = Release|Any CPU
	EndGlobalSection
	GlobalSection(ProjectConfigurationPlatforms) = postSolution
		{AFDFBFB9-B0FC-4B74-9AAA-AE2564D0DCDC}.Debug|Any CPU.ActiveCfg = Debug|Any CPU
		{AFDFBFB9-B0FC-4B74-9AAA-AE2564D0DCDC}.Debug|Any CPU.Build.0 = Debug|Any CPU
		{AFDFBFB9-B0FC-4B74-9AAA-AE2564D0DCDC}.Release|Any CPU.ActiveCfg = Release|Any CPU
		{AFDFBFB9-B0FC-4B74-9AAA-AE2564D0DCDC}.Release|Any CPU.Build.0 = Release|Any CPU
	EndGlobalSection
	GlobalSection(SolutionProperties) = preSolution
		HideSolutionNode = FALSE
	EndGlobalSection
	GlobalSection(ExtensibilityGlobals) = postSolution
		SolutionGuid = {6681A7FF-9FF5-4FC6-A06B-C3D41437A4BD}
	EndGlobalSection
EndGlobal
